
Microsoft Visual Studio Solution File, Format Version 12.00
# Visual Studio Version 16
VisualStudioVersion = 16.0.31220.234
MinimumVisualStudioVersion = 10.0.40219.1
Project("{9A19103F-16F7-4668-BE54-9A1E7A4F7556}") = "HeritageBlazor", "HeritageBlazor\HeritageBlazor.csproj", "{479D6975-EC0D-4D06-B2C3-A67EA27680B4}"
EndProject
Project("{9A19103F-16F7-4668-BE54-9A1E7A4F7556}") = "HeritageBlazor.WinUI", "HeritageBlazor.WinUI\HeritageBlazor.WinUI.csproj", "{0532ABA0-A029-4143-9BD7-9A9FDDA78C09}"
EndProject
Global
	GlobalSection(SolutionConfigurationPlatforms) = preSolution
		Debug|Any CPU = Debug|Any CPU
		Release|Any CPU = Release|Any CPU
	EndGlobalSection
	GlobalSection(ProjectConfigurationPlatforms) = postSolution
		{479D6975-EC0D-4D06-B2C3-A67EA27680B4}.Debug|Any CPU.ActiveCfg = Debug|Any CPU
		{479D6975-EC0D-4D06-B2C3-A67EA27680B4}.Debug|Any CPU.Build.0 = Debug|Any CPU
		{479D6975-EC0D-4D06-B2C3-A67EA27680B4}.Debug|Any CPU.Deploy.0 = Debug|Any CPU
		{479D6975-EC0D-4D06-B2C3-A67EA27680B4}.Release|Any CPU.ActiveCfg = Release|Any CPU
		{479D6975-EC0D-4D06-B2C3-A67EA27680B4}.Release|Any CPU.Build.0 = Release|Any CPU
		{479D6975-EC0D-4D06-B2C3-A67EA27680B4}.Release|Any CPU.Deploy.0 = Release|Any CPU
		{0532ABA0-A029-4143-9BD7-9A9FDDA78C09}.Debug|Any CPU.ActiveCfg = Debug|Any CPU
		{0532ABA0-A029-4143-9BD7-9A9FDDA78C09}.Debug|Any CPU.Build.0 = Debug|Any CPU
		{0532ABA0-A029-4143-9BD7-9A9FDDA78C09}.Debug|Any CPU.Deploy.0 = Debug|Any CPU
		{0532ABA0-A029-4143-9BD7-9A9FDDA78C09}.Release|Any CPU.ActiveCfg = Release|Any CPU
		{0532ABA0-A029-4143-9BD7-9A9FDDA78C09}.Release|Any CPU.Build.0 = Release|Any CPU
		{0532ABA0-A029-4143-9BD7-9A9FDDA78C09}.Release|Any CPU.Deploy.0 = Release|Any CPU
	EndGlobalSection
	GlobalSection(SolutionProperties) = preSolution
		HideSolutionNode = FALSE
	EndGlobalSection
	GlobalSection(ExtensibilityGlobals) = postSolution
		SolutionGuid = {61F7FB11-1E47-470C-91E2-47F8143E1572}
	EndGlobalSection
EndGlobal
